{
    "version": 3,
    "terraform_version": "0.11.7",
    "serial": 2,
    "lineage": "3718af01-91bb-41e3-5bdc-ca759d094c30",
    "modules": [
        {
            "path": [
                "root"
            ],
            "outputs": {
                "director__internal_ip": {
                    "sensitive": false,
                    "type": "string",
                    "value": "10.0.0.6"
                },
                "director__tags": {
                    "sensitive": false,
                    "type": "list",
                    "value": [
                        "bbl-env-ladoga-2018-05-30t18-51z-bosh-director"
                    ]
                },
                "director_address": {
                    "sensitive": false,
                    "type": "string",
                    "value": "https://35.196.109.110:25555"
                },
                "director_name": {
                    "sensitive": false,
                    "type": "string",
                    "value": "bosh-bbl-env-ladoga-2018-05-30t18-51z"
                },
                "external_ip": {
                    "sensitive": false,
                    "type": "string",
                    "value": "35.196.109.110"
                },
                "internal_cidr": {
                    "sensitive": false,
                    "type": "string",
                    "value": "10.0.0.0/24"
                },
                "internal_gw": {
                    "sensitive": false,
                    "type": "string",
                    "value": "10.0.0.1"
                },
                "internal_tag_name": {
                    "sensitive": false,
                    "type": "string",
                    "value": "bbl-env-ladoga-2018-05-30t18-51z-internal"
                },
                "jumpbox__internal_ip": {
                    "sensitive": false,
                    "type": "string",
                    "value": "10.0.0.5"
                },
                "jumpbox__tags": {
                    "sensitive": false,
                    "type": "list",
                    "value": [
                        "bbl-env-ladoga-2018-05-30t18-51z-bosh-open",
                        "bbl-env-ladoga-2018-05-30t18-51z-jumpbox"
                    ]
                },
                "jumpbox_url": {
                    "sensitive": false,
                    "type": "string",
                    "value": "35.196.109.110:22"
                },
                "network": {
                    "sensitive": false,
                    "type": "string",
                    "value": "bbl-env-ladoga-2018-05-30t18-51z-network"
                },
                "subnet_cidr_1": {
                    "sensitive": false,
                    "type": "string",
                    "value": "10.0.16.0/24"
                },
                "subnet_cidr_2": {
                    "sensitive": false,
                    "type": "string",
                    "value": "10.0.32.0/24"
                },
                "subnet_cidr_3": {
                    "sensitive": false,
                    "type": "string",
                    "value": "10.0.48.0/24"
                },
                "subnetwork": {
                    "sensitive": false,
                    "type": "string",
                    "value": "bbl-env-ladoga-2018-05-30t18-51z-subnet"
                }
            },
            "resources": {
                "google_compute_address.jumpbox-ip": {
                    "type": "google_compute_address",
                    "depends_on": [],
                    "primary": {
                        "id": "projects/cf-infra/regions/us-east1/addresses/bbl-env-ladoga-2018-05-30t18-51z-jumpbox-ip",
                        "attributes": {
                            "address": "35.196.109.110",
                            "address_type": "EXTERNAL",
                            "id": "projects/cf-infra/regions/us-east1/addresses/bbl-env-ladoga-2018-05-30t18-51z-jumpbox-ip",
                            "name": "bbl-env-ladoga-2018-05-30t18-51z-jumpbox-ip",
                            "project": "cf-infra",
                            "region": "us-east1",
                            "self_link": "https://www.googleapis.com/compute/v1/projects/cf-infra/regions/us-east1/addresses/bbl-env-ladoga-2018-05-30t18-51z-jumpbox-ip",
                            "subnetwork": ""
                        },
                        "meta": {
                            "schema_version": "1"
                        },
                        "tainted": false
                    },
                    "deposed": [],
                    "provider": "provider.google"
                },
                "google_compute_firewall.bosh-director": {
                    "type": "google_compute_firewall",
                    "depends_on": [
                        "google_compute_network.bbl-network"
                    ],
                    "primary": {
                        "id": "bbl-env-ladoga-2018-05-30t18-51z-bosh-director",
                        "attributes": {
                            "allow.#": "1",
                            "allow.3848845357.ports.#": "0",
                            "allow.3848845357.protocol": "tcp",
                            "deny.#": "0",
                            "description": "",
                            "destination_ranges.#": "0",
                            "direction": "INGRESS",
                            "id": "bbl-env-ladoga-2018-05-30t18-51z-bosh-director",
                            "name": "bbl-env-ladoga-2018-05-30t18-51z-bosh-director",
                            "network": "https://www.googleapis.com/compute/v1/projects/cf-infra/global/networks/bbl-env-ladoga-2018-05-30t18-51z-network",
                            "priority": "1000",
                            "project": "cf-infra",
                            "self_link": "https://www.googleapis.com/compute/v1/projects/cf-infra/global/firewalls/bbl-env-ladoga-2018-05-30t18-51z-bosh-director",
                            "source_ranges.#": "0",
                            "source_service_accounts.#": "0",
                            "source_tags.#": "1",
                            "source_tags.631500864": "bbl-env-ladoga-2018-05-30t18-51z-bosh-director",
                            "target_service_accounts.#": "0",
                            "target_tags.#": "1",
                            "target_tags.981700896": "bbl-env-ladoga-2018-05-30t18-51z-internal"
                        },
                        "meta": {
                            "schema_version": "1"
                        },
                        "tainted": false
                    },
                    "deposed": [],
                    "provider": "provider.google"
                },
                "google_compute_firewall.bosh-open": {
                    "type": "google_compute_firewall",
                    "depends_on": [
                        "google_compute_network.bbl-network"
                    ],
                    "primary": {
                        "id": "bbl-env-ladoga-2018-05-30t18-51z-bosh-open",
                        "attributes": {
                            "allow.#": "1",
                            "allow.4272252387.ports.#": "5",
                            "allow.4272252387.ports.0": "22",
                            "allow.4272252387.ports.1": "6868",
                            "allow.4272252387.ports.2": "8443",
                            "allow.4272252387.ports.3": "8844",
                            "allow.4272252387.ports.4": "25555",
                            "allow.4272252387.protocol": "tcp",
                            "deny.#": "0",
                            "description": "",
                            "destination_ranges.#": "0",
                            "direction": "INGRESS",
                            "id": "bbl-env-ladoga-2018-05-30t18-51z-bosh-open",
                            "name": "bbl-env-ladoga-2018-05-30t18-51z-bosh-open",
                            "network": "https://www.googleapis.com/compute/v1/projects/cf-infra/global/networks/bbl-env-ladoga-2018-05-30t18-51z-network",
                            "priority": "1000",
                            "project": "cf-infra",
                            "self_link": "https://www.googleapis.com/compute/v1/projects/cf-infra/global/firewalls/bbl-env-ladoga-2018-05-30t18-51z-bosh-open",
                            "source_ranges.#": "0",
                            "source_service_accounts.#": "0",
                            "source_tags.#": "1",
                            "source_tags.3125018345": "bbl-env-ladoga-2018-05-30t18-51z-bosh-open",
                            "target_service_accounts.#": "0",
                            "target_tags.#": "1",
                            "target_tags.631500864": "bbl-env-ladoga-2018-05-30t18-51z-bosh-director"
                        },
                        "meta": {
                            "schema_version": "1"
                        },
                        "tainted": false
                    },
                    "deposed": [],
                    "provider": "provider.google"
                },
                "google_compute_firewall.external": {
                    "type": "google_compute_firewall",
                    "depends_on": [
                        "google_compute_network.bbl-network"
                    ],
                    "primary": {
                        "id": "bbl-env-ladoga-2018-05-30t18-51z-external",
                        "attributes": {
                            "allow.#": "1",
                            "allow.4201408149.ports.#": "3",
                            "allow.4201408149.ports.0": "22",
                            "allow.4201408149.ports.1": "6868",
                            "allow.4201408149.ports.2": "25555",
                            "allow.4201408149.protocol": "tcp",
                            "deny.#": "0",
                            "description": "",
                            "destination_ranges.#": "0",
                            "direction": "INGRESS",
                            "id": "bbl-env-ladoga-2018-05-30t18-51z-external",
                            "name": "bbl-env-ladoga-2018-05-30t18-51z-external",
                            "network": "https://www.googleapis.com/compute/v1/projects/cf-infra/global/networks/bbl-env-ladoga-2018-05-30t18-51z-network",
                            "priority": "1000",
                            "project": "cf-infra",
                            "self_link": "https://www.googleapis.com/compute/v1/projects/cf-infra/global/firewalls/bbl-env-ladoga-2018-05-30t18-51z-external",
                            "source_ranges.#": "1",
                            "source_ranges.1080289494": "0.0.0.0/0",
                            "source_service_accounts.#": "0",
                            "source_tags.#": "0",
                            "target_service_accounts.#": "0",
                            "target_tags.#": "1",
                            "target_tags.3125018345": "bbl-env-ladoga-2018-05-30t18-51z-bosh-open"
                        },
                        "meta": {
                            "schema_version": "1"
                        },
                        "tainted": false
                    },
                    "deposed": [],
                    "provider": "provider.google"
                },
                "google_compute_firewall.internal": {
                    "type": "google_compute_firewall",
                    "depends_on": [
                        "google_compute_network.bbl-network"
                    ],
                    "primary": {
                        "id": "bbl-env-ladoga-2018-05-30t18-51z-internal",
                        "attributes": {
                            "allow.#": "3",
                            "allow.1367131964.ports.#": "0",
                            "allow.1367131964.protocol": "icmp",
                            "allow.1486604749.ports.#": "0",
                            "allow.1486604749.protocol": "udp",
                            "allow.3848845357.ports.#": "0",
                            "allow.3848845357.protocol": "tcp",
                            "deny.#": "0",
                            "description": "",
                            "destination_ranges.#": "0",
                            "direction": "INGRESS",
                            "id": "bbl-env-ladoga-2018-05-30t18-51z-internal",
                            "name": "bbl-env-ladoga-2018-05-30t18-51z-internal",
                            "network": "https://www.googleapis.com/compute/v1/projects/cf-infra/global/networks/bbl-env-ladoga-2018-05-30t18-51z-network",
                            "priority": "1000",
                            "project": "cf-infra",
                            "self_link": "https://www.googleapis.com/compute/v1/projects/cf-infra/global/firewalls/bbl-env-ladoga-2018-05-30t18-51z-internal",
                            "source_ranges.#": "0",
                            "source_service_accounts.#": "0",
                            "source_tags.#": "1",
                            "source_tags.981700896": "bbl-env-ladoga-2018-05-30t18-51z-internal",
                            "target_service_accounts.#": "0",
                            "target_tags.#": "1",
                            "target_tags.981700896": "bbl-env-ladoga-2018-05-30t18-51z-internal"
                        },
                        "meta": {
                            "schema_version": "1"
                        },
                        "tainted": false
                    },
                    "deposed": [],
                    "provider": "provider.google"
                },
                "google_compute_firewall.internal-to-director": {
                    "type": "google_compute_firewall",
                    "depends_on": [
                        "google_compute_network.bbl-network"
                    ],
                    "primary": {
                        "id": "bbl-env-ladoga-2018-05-30t18-51z-internal-to-director",
                        "attributes": {
                            "allow.#": "1",
                            "allow.3979585702.ports.#": "3",
                            "allow.3979585702.ports.0": "4222",
                            "allow.3979585702.ports.1": "25250",
                            "allow.3979585702.ports.2": "25777",
                            "allow.3979585702.protocol": "tcp",
                            "deny.#": "0",
                            "description": "",
                            "destination_ranges.#": "0",
                            "direction": "INGRESS",
                            "id": "bbl-env-ladoga-2018-05-30t18-51z-internal-to-director",
                            "name": "bbl-env-ladoga-2018-05-30t18-51z-internal-to-director",
                            "network": "https://www.googleapis.com/compute/v1/projects/cf-infra/global/networks/bbl-env-ladoga-2018-05-30t18-51z-network",
                            "priority": "1000",
                            "project": "cf-infra",
                            "self_link": "https://www.googleapis.com/compute/v1/projects/cf-infra/global/firewalls/bbl-env-ladoga-2018-05-30t18-51z-internal-to-director",
                            "source_ranges.#": "0",
                            "source_service_accounts.#": "0",
                            "source_tags.#": "1",
                            "source_tags.981700896": "bbl-env-ladoga-2018-05-30t18-51z-internal",
                            "target_service_accounts.#": "0",
                            "target_tags.#": "1",
                            "target_tags.631500864": "bbl-env-ladoga-2018-05-30t18-51z-bosh-director"
                        },
                        "meta": {
                            "schema_version": "1"
                        },
                        "tainted": false
                    },
                    "deposed": [],
                    "provider": "provider.google"
                },
                "google_compute_firewall.jumpbox-to-all": {
                    "type": "google_compute_firewall",
                    "depends_on": [
                        "google_compute_network.bbl-network"
                    ],
                    "primary": {
                        "id": "bbl-env-ladoga-2018-05-30t18-51z-jumpbox-to-all",
                        "attributes": {
                            "allow.#": "1",
                            "allow.910322396.ports.#": "2",
                            "allow.910322396.ports.0": "22",
                            "allow.910322396.ports.1": "3389",
                            "allow.910322396.protocol": "tcp",
                            "deny.#": "0",
                            "description": "",
                            "destination_ranges.#": "0",
                            "direction": "INGRESS",
                            "id": "bbl-env-ladoga-2018-05-30t18-51z-jumpbox-to-all",
                            "name": "bbl-env-ladoga-2018-05-30t18-51z-jumpbox-to-all",
                            "network": "https://www.googleapis.com/compute/v1/projects/cf-infra/global/networks/bbl-env-ladoga-2018-05-30t18-51z-network",
                            "priority": "1000",
                            "project": "cf-infra",
                            "self_link": "https://www.googleapis.com/compute/v1/projects/cf-infra/global/firewalls/bbl-env-ladoga-2018-05-30t18-51z-jumpbox-to-all",
                            "source_ranges.#": "0",
                            "source_service_accounts.#": "0",
                            "source_tags.#": "1",
                            "source_tags.171056705": "bbl-env-ladoga-2018-05-30t18-51z-jumpbox",
                            "target_service_accounts.#": "0",
                            "target_tags.#": "2",
                            "target_tags.631500864": "bbl-env-ladoga-2018-05-30t18-51z-bosh-director",
                            "target_tags.981700896": "bbl-env-ladoga-2018-05-30t18-51z-internal"
                        },
                        "meta": {
                            "schema_version": "1"
                        },
                        "tainted": false
                    },
                    "deposed": [],
                    "provider": "provider.google"
                },
                "google_compute_network.bbl-network": {
                    "type": "google_compute_network",
                    "depends_on": [],
                    "primary": {
                        "id": "bbl-env-ladoga-2018-05-30t18-51z-network",
                        "attributes": {
                            "auto_create_subnetworks": "false",
                            "description": "",
                            "gateway_ipv4": "",
                            "id": "bbl-env-ladoga-2018-05-30t18-51z-network",
                            "ipv4_range": "",
                            "name": "bbl-env-ladoga-2018-05-30t18-51z-network",
                            "project": "cf-infra",
                            "routing_mode": "REGIONAL",
                            "self_link": "https://www.googleapis.com/compute/v1/projects/cf-infra/global/networks/bbl-env-ladoga-2018-05-30t18-51z-network"
                        },
                        "meta": {},
                        "tainted": false
                    },
                    "deposed": [],
                    "provider": "provider.google"
                },
                "google_compute_subnetwork.bbl-subnet": {
                    "type": "google_compute_subnetwork",
                    "depends_on": [
                        "google_compute_network.bbl-network"
                    ],
                    "primary": {
                        "id": "us-east1/bbl-env-ladoga-2018-05-30t18-51z-subnet",
                        "attributes": {
                            "description": "",
                            "enable_flow_logs": "false",
                            "fingerprint": "APB2UQ9Xuuw=",
                            "gateway_address": "10.0.0.1",
                            "id": "us-east1/bbl-env-ladoga-2018-05-30t18-51z-subnet",
                            "ip_cidr_range": "10.0.0.0/16",
                            "name": "bbl-env-ladoga-2018-05-30t18-51z-subnet",
                            "network": "https://www.googleapis.com/compute/beta/projects/cf-infra/global/networks/bbl-env-ladoga-2018-05-30t18-51z-network",
                            "private_ip_google_access": "false",
                            "project": "cf-infra",
                            "region": "us-east1",
                            "secondary_ip_range.#": "0",
                            "self_link": "https://www.googleapis.com/compute/v1/projects/cf-infra/regions/us-east1/subnetworks/bbl-env-ladoga-2018-05-30t18-51z-subnet"
                        },
                        "meta": {
                            "e2bfb730-ecaa-11e6-8f88-34363bc7c4c0": {
                                "create": 360000000000,
                                "delete": 360000000000,
                                "update": 360000000000
                            }
                        },
                        "tainted": false
                    },
                    "deposed": [],
                    "provider": "provider.google"
                }
            },
            "depends_on": []
        }
    ]
}
